{
  "meteor": {
    "git": "https://github.com/meteor/meteor.git",
    "branch": "master",
    "commit": "f07715dc70de16a7aab84e56ab0c6cbd9c1f9dc6"
  },
  "dependencies": {
    "basePackages": {
      "router": {},
      "pdf.js": {}
    },
    "packages": {
      "router": {
        "git": "https://github.com/tmeasday/meteor-router.git",
        "tag": "v0.4.3",
        "commit": "0691a6e2c4c249ce7d00cd6dc7ad27e1c7330a31"
      },
      "pdf.js": {
        "git": "https://github.com/peerlibrary/meteor-pdf.js.git",
        "tag": "v0.7.369.1",
        "commit": "76d9d1ea6dd42fe6f48e41cc6bc8208943eacccb"
      },
      "page-js-ie-support": {
        "git": "https://github.com/tmeasday/meteor-page-js-ie-support.git",
        "tag": "v1.3.5",
        "commit": "b99ed8380aefd10b2afc8f18d9eed4dd0d8ea9cb"
      }
    }
  }
}
